
Microsoft Visual Studio Solution File, Format Version 12.00
# Visual Studio 15
VisualStudioVersion = 15.0.28010.2016
MinimumVisualStudioVersion = 10.0.40219.1
Project("{FAE04EC0-301F-11D3-BF4B-00C04F79EFBC}") = "Day 0 Hello, World", "Day 0 Hello, World.\Day 0 Hello, World.csproj", "{D2C582EA-BCB6-4308-8C3D-22E2EA88A5E8}"
EndProject
Global
	GlobalSection(SolutionConfigurationPlatforms) = preSolution
		Debug|Any CPU = Debug|Any CPU
		Release|Any CPU = Release|Any CPU
	EndGlobalSection
	GlobalSection(ProjectConfigurationPlatforms) = postSolution
		{D2C582EA-BCB6-4308-8C3D-22E2EA88A5E8}.Debug|Any CPU.ActiveCfg = Debug|Any CPU
		{D2C582EA-BCB6-4308-8C3D-22E2EA88A5E8}.Debug|Any CPU.Build.0 = Debug|Any CPU
		{D2C582EA-BCB6-4308-8C3D-22E2EA88A5E8}.Release|Any CPU.ActiveCfg = Release|Any CPU
		{D2C582EA-BCB6-4308-8C3D-22E2EA88A5E8}.Release|Any CPU.Build.0 = Release|Any CPU
	EndGlobalSection
	GlobalSection(SolutionProperties) = preSolution
		HideSolutionNode = FALSE
	EndGlobalSection
	GlobalSection(ExtensibilityGlobals) = postSolution
		SolutionGuid = {ED9CB9B7-9925-4280-B0B5-C76EA6D13CFE}
	EndGlobalSection
EndGlobal
