
Microsoft Visual Studio Solution File, Format Version 12.00
# Visual Studio 15
VisualStudioVersion = 15.0.28010.2016
MinimumVisualStudioVersion = 10.0.40219.1
Project("{FAE04EC0-301F-11D3-BF4B-00C04F79EFBC}") = "Day 8 Dictionaries and Maps", "Day 8 Dictionaries and Maps\Day 8 Dictionaries and Maps.csproj", "{67AA1E7A-66A9-4118-A8AB-E6B801B78A8C}"
EndProject
Global
	GlobalSection(SolutionConfigurationPlatforms) = preSolution
		Debug|Any CPU = Debug|Any CPU
		Release|Any CPU = Release|Any CPU
	EndGlobalSection
	GlobalSection(ProjectConfigurationPlatforms) = postSolution
		{67AA1E7A-66A9-4118-A8AB-E6B801B78A8C}.Debug|Any CPU.ActiveCfg = Debug|Any CPU
		{67AA1E7A-66A9-4118-A8AB-E6B801B78A8C}.Debug|Any CPU.Build.0 = Debug|Any CPU
		{67AA1E7A-66A9-4118-A8AB-E6B801B78A8C}.Release|Any CPU.ActiveCfg = Release|Any CPU
		{67AA1E7A-66A9-4118-A8AB-E6B801B78A8C}.Release|Any CPU.Build.0 = Release|Any CPU
	EndGlobalSection
	GlobalSection(SolutionProperties) = preSolution
		HideSolutionNode = FALSE
	EndGlobalSection
	GlobalSection(ExtensibilityGlobals) = postSolution
		SolutionGuid = {6D4F66B3-1EBD-432B-A6F4-22F44A2DFCA6}
	EndGlobalSection
EndGlobal
