
Microsoft Visual Studio Solution File, Format Version 12.00
# Visual Studio 15
VisualStudioVersion = 15.0.28010.2016
MinimumVisualStudioVersion = 10.0.40219.1
Project("{FAE04EC0-301F-11D3-BF4B-00C04F79EFBC}") = "Day 25 Running Time and Complexity", "Day 25 Running Time and Complexity\Day 25 Running Time and Complexity.csproj", "{1EFE8FC8-0CAF-45D5-8548-B2A61B36A4AB}"
EndProject
Global
	GlobalSection(SolutionConfigurationPlatforms) = preSolution
		Debug|Any CPU = Debug|Any CPU
		Release|Any CPU = Release|Any CPU
	EndGlobalSection
	GlobalSection(ProjectConfigurationPlatforms) = postSolution
		{1EFE8FC8-0CAF-45D5-8548-B2A61B36A4AB}.Debug|Any CPU.ActiveCfg = Debug|Any CPU
		{1EFE8FC8-0CAF-45D5-8548-B2A61B36A4AB}.Debug|Any CPU.Build.0 = Debug|Any CPU
		{1EFE8FC8-0CAF-45D5-8548-B2A61B36A4AB}.Release|Any CPU.ActiveCfg = Release|Any CPU
		{1EFE8FC8-0CAF-45D5-8548-B2A61B36A4AB}.Release|Any CPU.Build.0 = Release|Any CPU
	EndGlobalSection
	GlobalSection(SolutionProperties) = preSolution
		HideSolutionNode = FALSE
	EndGlobalSection
	GlobalSection(ExtensibilityGlobals) = postSolution
		SolutionGuid = {6E073C4D-D90C-4522-8CAB-5CB8EFBEB978}
	EndGlobalSection
EndGlobal
