
Microsoft Visual Studio Solution File, Format Version 12.00
# Visual Studio 15
VisualStudioVersion = 15.0.28010.2016
MinimumVisualStudioVersion = 10.0.40219.1
Project("{FAE04EC0-301F-11D3-BF4B-00C04F79EFBC}") = "Day 19 Interfaces", "Day 19 Interfaces\Day 19 Interfaces.csproj", "{67C7697F-AB29-42B4-95AB-C8121826D9FA}"
EndProject
Global
	GlobalSection(SolutionConfigurationPlatforms) = preSolution
		Debug|Any CPU = Debug|Any CPU
		Release|Any CPU = Release|Any CPU
	EndGlobalSection
	GlobalSection(ProjectConfigurationPlatforms) = postSolution
		{67C7697F-AB29-42B4-95AB-C8121826D9FA}.Debug|Any CPU.ActiveCfg = Debug|Any CPU
		{67C7697F-AB29-42B4-95AB-C8121826D9FA}.Debug|Any CPU.Build.0 = Debug|Any CPU
		{67C7697F-AB29-42B4-95AB-C8121826D9FA}.Release|Any CPU.ActiveCfg = Release|Any CPU
		{67C7697F-AB29-42B4-95AB-C8121826D9FA}.Release|Any CPU.Build.0 = Release|Any CPU
	EndGlobalSection
	GlobalSection(SolutionProperties) = preSolution
		HideSolutionNode = FALSE
	EndGlobalSection
	GlobalSection(ExtensibilityGlobals) = postSolution
		SolutionGuid = {0A9C1017-A3A3-4824-9613-FF80F808B4A6}
	EndGlobalSection
EndGlobal
