
Microsoft Visual Studio Solution File, Format Version 12.00
# Visual Studio 15
VisualStudioVersion = 15.0.28010.2016
MinimumVisualStudioVersion = 10.0.40219.1
Project("{FAE04EC0-301F-11D3-BF4B-00C04F79EFBC}") = "Day 10 Binary Numbers", "Day 10 Binary Numbers\Day 10 Binary Numbers.csproj", "{A1D22F0E-69D6-46E2-B941-D67D36C75FE8}"
EndProject
Global
	GlobalSection(SolutionConfigurationPlatforms) = preSolution
		Debug|Any CPU = Debug|Any CPU
		Release|Any CPU = Release|Any CPU
	EndGlobalSection
	GlobalSection(ProjectConfigurationPlatforms) = postSolution
		{A1D22F0E-69D6-46E2-B941-D67D36C75FE8}.Debug|Any CPU.ActiveCfg = Debug|Any CPU
		{A1D22F0E-69D6-46E2-B941-D67D36C75FE8}.Debug|Any CPU.Build.0 = Debug|Any CPU
		{A1D22F0E-69D6-46E2-B941-D67D36C75FE8}.Release|Any CPU.ActiveCfg = Release|Any CPU
		{A1D22F0E-69D6-46E2-B941-D67D36C75FE8}.Release|Any CPU.Build.0 = Release|Any CPU
	EndGlobalSection
	GlobalSection(SolutionProperties) = preSolution
		HideSolutionNode = FALSE
	EndGlobalSection
	GlobalSection(ExtensibilityGlobals) = postSolution
		SolutionGuid = {4BF0123C-13A9-484D-A29C-A4E2ED76BC28}
	EndGlobalSection
EndGlobal
