
Microsoft Visual Studio Solution File, Format Version 12.00
# Visual Studio 15
VisualStudioVersion = 15.0.28010.2016
MinimumVisualStudioVersion = 10.0.40219.1
Project("{FAE04EC0-301F-11D3-BF4B-00C04F79EFBC}") = "Day 22 Binary Search Trees", "Day 22 Binary Search Trees\Day 22 Binary Search Trees.csproj", "{04F82038-60F1-48D8-899E-BF406D39DD6E}"
EndProject
Global
	GlobalSection(SolutionConfigurationPlatforms) = preSolution
		Debug|Any CPU = Debug|Any CPU
		Release|Any CPU = Release|Any CPU
	EndGlobalSection
	GlobalSection(ProjectConfigurationPlatforms) = postSolution
		{04F82038-60F1-48D8-899E-BF406D39DD6E}.Debug|Any CPU.ActiveCfg = Debug|Any CPU
		{04F82038-60F1-48D8-899E-BF406D39DD6E}.Debug|Any CPU.Build.0 = Debug|Any CPU
		{04F82038-60F1-48D8-899E-BF406D39DD6E}.Release|Any CPU.ActiveCfg = Release|Any CPU
		{04F82038-60F1-48D8-899E-BF406D39DD6E}.Release|Any CPU.Build.0 = Release|Any CPU
	EndGlobalSection
	GlobalSection(SolutionProperties) = preSolution
		HideSolutionNode = FALSE
	EndGlobalSection
	GlobalSection(ExtensibilityGlobals) = postSolution
		SolutionGuid = {88F930CE-574F-462E-AB64-60F8C52C34F0}
	EndGlobalSection
EndGlobal
